
Microsoft Visual Studio Solution File, Format Version 12.00
# Visual Studio 15
VisualStudioVersion = 15.0.27130.2026
MinimumVisualStudioVersion = 10.0.40219.1
Project("{9A19103F-16F7-4668-BE54-9A1E7A4F7556}") = "MiniMarket", "MiniMarket.csproj", "{65BDF2B4-BC57-4EDB-A207-9FA0AC55A7AA}"
EndProject
Global
	GlobalSection(SolutionConfigurationPlatforms) = preSolution
		Debug|Any CPU = Debug|Any CPU
		Release|Any CPU = Release|Any CPU
	EndGlobalSection
	GlobalSection(ProjectConfigurationPlatforms) = postSolution
		{65BDF2B4-BC57-4EDB-A207-9FA0AC55A7AA}.Debug|Any CPU.ActiveCfg = Debug|Any CPU
		{65BDF2B4-BC57-4EDB-A207-9FA0AC55A7AA}.Debug|Any CPU.Build.0 = Debug|Any CPU
		{65BDF2B4-BC57-4EDB-A207-9FA0AC55A7AA}.Release|Any CPU.ActiveCfg = Release|Any CPU
		{65BDF2B4-BC57-4EDB-A207-9FA0AC55A7AA}.Release|Any CPU.Build.0 = Release|Any CPU
	EndGlobalSection
	GlobalSection(SolutionProperties) = preSolution
		HideSolutionNode = FALSE
	EndGlobalSection
	GlobalSection(ExtensibilityGlobals) = postSolution
		SolutionGuid = {0F65FC8E-2495-472A-B67C-66B05EC0E19D}
	EndGlobalSection
EndGlobal
